<?xml version="1.0" encoding="utf-8"?>
<Project ToolsVersion="4.0" xmlns="http://schemas.microsoft.com/developer/msbuild/2003">
  <ItemGroup>
    <Filter Include="Source Files">
      <UniqueIdentifier>{4FC737F1-C7A5-4376-A066-2A32D752A2FF}</UniqueIdentifier>
      <Extensions>cpp;c;cc;cxx;def;odl;idl;hpj;bat;asm;asmx</Extensions>
    </Filter>
    <Filter Include="Header Files">
      <UniqueIdentifier>{93995380-89BD-4b04-88EB-625FBE52EBFB}</UniqueIdentifier>
      <Extensions>h;hpp;hxx;hm;inl;inc;xsd</Extensions>
    </Filter>
    <Filter Include="Resource Files">
      <UniqueIdentifier>{67DA6AB6-F800-4c08-8B7A-83BB121AAD01}</UniqueIdentifier>
      <Extensions>rc;ico;cur;bmp;dlg;rc2;rct;bin;rgs;gif;jpg;jpeg;jpe;resx;tiff;tif;png;wav</Extensions>
    </Filter>
  </ItemGroup>
  <ItemGroup>
    <ClCompile Include="about.c">
      <Filter>Source Files</Filter>
    </ClCompile>
    <ClCompile Include="asctable.c">
      <Filter>Source Files</Filter>
    </ClCompile>
    <ClCompile Include="comm.c">
      <Filter>Source Files</Filter>
    </ClCompile>
    <ClCompile Include="deal.c">
      <Filter>Source Files</Filter>
    </ClCompile>
    <ClCompile Include="debug.c">
      <Filter>Source Files</Filter>
    </ClCompile>
    <ClCompile Include="expr.c">
      <Filter>Source Files</Filter>
    </ClCompile>
    <ClCompile Include="msg.c">
      <Filter>Source Files</Filter>
    </ClCompile>
    <ClCompile Include="pinctrl.c">
      <Filter>Source Files</Filter>
    </ClCompile>
    <ClCompile Include="spdbg.c">
      <Filter>Source Files</Filter>
    </ClCompile>
    <ClCompile Include="stack.c">
      <Filter>Source Files</Filter>
    </ClCompile>
    <ClCompile Include="str2hex.c">
      <Filter>Source Files</Filter>
    </ClCompile>
    <ClCompile Include="timeouts.c">
      <Filter>Source Files</Filter>
    </ClCompile>
    <ClCompile Include="user_fx.c">
      <Filter>Source Files</Filter>
    </ClCompile>
    <ClCompile Include="utils.c">
      <Filter>Source Files</Filter>
    </ClCompile>
    <ClCompile Include="ghttp\ghttp.c">
      <Filter>Source Files</Filter>
    </ClCompile>
    <ClCompile Include="ghttp\http_base64.c">
      <Filter>Source Files</Filter>
    </ClCompile>
    <ClCompile Include="ghttp\http_date.c">
      <Filter>Source Files</Filter>
    </ClCompile>
    <ClCompile Include="ghttp\http_hdrs.c">
      <Filter>Source Files</Filter>
    </ClCompile>
    <ClCompile Include="ghttp\http_req.c">
      <Filter>Source Files</Filter>
    </ClCompile>
    <ClCompile Include="ghttp\http_resp.c">
      <Filter>Source Files</Filter>
    </ClCompile>
    <ClCompile Include="ghttp\http_trans.c">
      <Filter>Source Files</Filter>
    </ClCompile>
    <ClCompile Include="ghttp\http_uri.c">
      <Filter>Source Files</Filter>
    </ClCompile>
    <ClCompile Include="user_fx_lan.c">
      <Filter>Source Files</Filter>
    </ClCompile>
    <ClCompile Include="cJSON\cJSON.c">
      <Filter>Source Files</Filter>
    </ClCompile>
    <ClCompile Include="cJSON\cJSON_Utils.c">
      <Filter>Source Files</Filter>
    </ClCompile>
  </ItemGroup>
  <ItemGroup>
    <ClInclude Include="about.h">
      <Filter>Header Files</Filter>
    </ClInclude>
    <ClInclude Include="asctable.h">
      <Filter>Header Files</Filter>
    </ClInclude>
    <ClInclude Include="comm.h">
      <Filter>Header Files</Filter>
    </ClInclude>
    <ClInclude Include="deal.h">
      <Filter>Header Files</Filter>
    </ClInclude>
    <ClInclude Include="debug.h">
      <Filter>Header Files</Filter>
    </ClInclude>
    <ClInclude Include="expr.h">
      <Filter>Header Files</Filter>
    </ClInclude>
    <ClInclude Include="msg.h">
      <Filter>Header Files</Filter>
    </ClInclude>
    <ClInclude Include="pinctrl.h">
      <Filter>Header Files</Filter>
    </ClInclude>
    <ClInclude Include="resource.h">
      <Filter>Header Files</Filter>
    </ClInclude>
    <ClInclude Include="spdbg.h">
      <Filter>Header Files</Filter>
    </ClInclude>
    <ClInclude Include="stack.h">
      <Filter>Header Files</Filter>
    </ClInclude>
    <ClInclude Include="str2hex.h">
      <Filter>Header Files</Filter>
    </ClInclude>
    <ClInclude Include="timeouts.h">
      <Filter>Header Files</Filter>
    </ClInclude>
    <ClInclude Include="user_fx.h">
      <Filter>Header Files</Filter>
    </ClInclude>
    <ClInclude Include="utils.h">
      <Filter>Header Files</Filter>
    </ClInclude>
    <ClInclude Include="ghttp\ghttp.h">
      <Filter>Header Files</Filter>
    </ClInclude>
    <ClInclude Include="ghttp\ghttp_constants.h">
      <Filter>Header Files</Filter>
    </ClInclude>
    <ClInclude Include="ghttp\http_base64.h">
      <Filter>Header Files</Filter>
    </ClInclude>
    <ClInclude Include="ghttp\http_date.h">
      <Filter>Header Files</Filter>
    </ClInclude>
    <ClInclude Include="ghttp\http_global.h">
      <Filter>Header Files</Filter>
    </ClInclude>
    <ClInclude Include="ghttp\http_hdrs.h">
      <Filter>Header Files</Filter>
    </ClInclude>
    <ClInclude Include="ghttp\http_req.h">
      <Filter>Header Files</Filter>
    </ClInclude>
    <ClInclude Include="ghttp\http_resp.h">
      <Filter>Header Files</Filter>
    </ClInclude>
    <ClInclude Include="ghttp\http_trans.h">
      <Filter>Header Files</Filter>
    </ClInclude>
    <ClInclude Include="ghttp\http_uri.h">
      <Filter>Header Files</Filter>
    </ClInclude>
    <ClInclude Include="ghttp\unistd.h">
      <Filter>Header Files</Filter>
    </ClInclude>
    <ClInclude Include="user_fx_lan.h">
      <Filter>Header Files</Filter>
    </ClInclude>
    <ClInclude Include="cJSON\cJSON.h">
      <Filter>Header Files</Filter>
    </ClInclude>
    <ClInclude Include="cJSON\cJSON_Utils.h">
      <Filter>Header Files</Filter>
    </ClInclude>
  </ItemGroup>
  <ItemGroup>
    <ResourceCompile Include="spdbg.rc">
      <Filter>Resource Files</Filter>
    </ResourceCompile>
  </ItemGroup>
  <ItemGroup>
    <Image Include="100.ico">
      <Filter>Resource Files</Filter>
    </Image>
    <Image Include="new100.ico">
      <Filter>Resource Files</Filter>
    </Image>
  </ItemGroup>
  <ItemGroup>
    <Manifest Include="xps.manifest" />
  </ItemGroup>
  <ItemGroup>
    <None Include="ClassDiagram.cd" />
  </ItemGroup>
</Project>